
Microsoft Visual Studio Solution File, Format Version 12.00
# Visual Studio Version 16
VisualStudioVersion = 16.0.29230.47
MinimumVisualStudioVersion = 10.0.40219.1
Project("{FAE04EC0-301F-11D3-BF4B-00C04F79EFBC}") = "WorkoutPointSystem2", "WorkoutPointSystem2\WorkoutPointSystem2.csproj", "{CC742BB2-E410-41F2-B8FA-BC39915A0CEE}"
EndProject
Global
	GlobalSection(SolutionConfigurationPlatforms) = preSolution
		Debug|Any CPU = Debug|Any CPU
		Release|Any CPU = Release|Any CPU
	EndGlobalSection
	GlobalSection(ProjectConfigurationPlatforms) = postSolution
		{CC742BB2-E410-41F2-B8FA-BC39915A0CEE}.Debug|Any CPU.ActiveCfg = Debug|Any CPU
		{CC742BB2-E410-41F2-B8FA-BC39915A0CEE}.Debug|Any CPU.Build.0 = Debug|Any CPU
		{CC742BB2-E410-41F2-B8FA-BC39915A0CEE}.Release|Any CPU.ActiveCfg = Release|Any CPU
		{CC742BB2-E410-41F2-B8FA-BC39915A0CEE}.Release|Any CPU.Build.0 = Release|Any CPU
	EndGlobalSection
	GlobalSection(SolutionProperties) = preSolution
		HideSolutionNode = FALSE
	EndGlobalSection
	GlobalSection(ExtensibilityGlobals) = postSolution
		SolutionGuid = {BE8A4092-B247-4C7F-9404-F3BBD88F557D}
	EndGlobalSection
EndGlobal
